
Microsoft Visual Studio Solution File, Format Version 12.00
# Visual Studio Version 17
VisualStudioVersion = 17.1.32328.378
MinimumVisualStudioVersion = 10.0.40219.1
Project("{FAE04EC0-301F-11D3-BF4B-00C04F79EFBC}") = "NumberingDelegate", "NumberingDelegate\NumberingDelegate.csproj", "{22ED8331-4424-4919-A3D4-DE83CC5136DA}"
EndProject
Global
	GlobalSection(SolutionConfigurationPlatforms) = preSolution
		Debug|Any CPU = Debug|Any CPU
		Release|Any CPU = Release|Any CPU
	EndGlobalSection
	GlobalSection(ProjectConfigurationPlatforms) = postSolution
		{22ED8331-4424-4919-A3D4-DE83CC5136DA}.Debug|Any CPU.ActiveCfg = Release|Any CPU
		{22ED8331-4424-4919-A3D4-DE83CC5136DA}.Debug|Any CPU.Build.0 = Release|Any CPU
		{22ED8331-4424-4919-A3D4-DE83CC5136DA}.Release|Any CPU.ActiveCfg = Release|Any CPU
		{22ED8331-4424-4919-A3D4-DE83CC5136DA}.Release|Any CPU.Build.0 = Release|Any CPU
	EndGlobalSection
	GlobalSection(SolutionProperties) = preSolution
		HideSolutionNode = FALSE
	EndGlobalSection
	GlobalSection(ExtensibilityGlobals) = postSolution
		SolutionGuid = {0313F5A6-5090-4A83-AC52-91302F50195C}
	EndGlobalSection
EndGlobal
